// !$*UTF8*$!
{
	archiveVersion = 1;
	classes = {
	};
	objectVersion = 55;
	objects = {

/* Begin PBXBuildFile section */
		5E5CF8F8DBF5E5A2AF039073 /* Pods_MeetMe.framework in Frameworks */ = {isa = PBXBuildFile; fileRef = 341866DC42954B0F49AA654E /* Pods_MeetMe.framework */; };
		9338C48D28162D6E0088177D /* AppDelegate.swift in Sources */ = {isa = PBXBuildFile; fileRef = 9338C48C28162D6E0088177D /* AppDelegate.swift */; };
		9338C48F28162D6E0088177D /* SceneDelegate.swift in Sources */ = {isa = PBXBuildFile; fileRef = 9338C48E28162D6E0088177D /* SceneDelegate.swift */; };
		9338C49128162D6E0088177D /* LoginViewController.swift in Sources */ = {isa = PBXBuildFile; fileRef = 9338C49028162D6E0088177D /* LoginViewController.swift */; };
		9338C49428162D6E0088177D /* Main.storyboard in Resources */ = {isa = PBXBuildFile; fileRef = 9338C49228162D6E0088177D /* Main.storyboard */; };
		9338C49628162D700088177D /* Assets.xcassets in Resources */ = {isa = PBXBuildFile; fileRef = 9338C49528162D700088177D /* Assets.xcassets */; };
		9338C49928162D700088177D /* LaunchScreen.storyboard in Resources */ = {isa = PBXBuildFile; fileRef = 9338C49728162D700088177D /* LaunchScreen.storyboard */; };
		9338C4A1281634C10088177D /* GoogleService-Info.plist in Resources */ = {isa = PBXBuildFile; fileRef = 9338C4A0281634C10088177D /* GoogleService-Info.plist */; };
		9338C4A5281642500088177D /* SavedViewController.swift in Sources */ = {isa = PBXBuildFile; fileRef = 9338C4A4281642500088177D /* SavedViewController.swift */; };
		9338C4AF281654FB0088177D /* OptionViewController.swift in Sources */ = {isa = PBXBuildFile; fileRef = 9338C4AE281654FA0088177D /* OptionViewController.swift */; };
		93A5AB84281902AA0017AECE /* FriendLocations.swift in Sources */ = {isa = PBXBuildFile; fileRef = 93A5AB83281902AA0017AECE /* FriendLocations.swift */; };
		93A5AB8E2819E5230017AECE /* AdventureUser.swift in Sources */ = {isa = PBXBuildFile; fileRef = 93A5AB8D2819E5230017AECE /* AdventureUser.swift */; };
		93A5AB902819F10F0017AECE /* AdventureUsers.swift in Sources */ = {isa = PBXBuildFile; fileRef = 93A5AB8F2819F10F0017AECE /* AdventureUsers.swift */; };
		93A5AB92281ACFF90017AECE /* MidpointLocation.swift in Sources */ = {isa = PBXBuildFile; fileRef = 93A5AB91281ACFF90017AECE /* MidpointLocation.swift */; };
		93A5AB96281AD0690017AECE /* MidpointLocations.swift in Sources */ = {isa = PBXBuildFile; fileRef = 93A5AB95281AD0690017AECE /* MidpointLocations.swift */; };
		93A5AB9E281C73D70017AECE /* SearchViewController.swift in Sources */ = {isa = PBXBuildFile; fileRef = 93A5AB9D281C73D60017AECE /* SearchViewController.swift */; };
		93A5ABA6281C769E0017AECE /* LocationSearchTableViewController.swift in Sources */ = {isa = PBXBuildFile; fileRef = 93A5ABA5281C769E0017AECE /* LocationSearchTableViewController.swift */; };
		93A5ABA9281C94730017AECE /* CoffeeViewController.swift in Sources */ = {isa = PBXBuildFile; fileRef = 93A5ABA8281C94730017AECE /* CoffeeViewController.swift */; };
		93A5ABAB281C948C0017AECE /* RestaurantViewController.swift in Sources */ = {isa = PBXBuildFile; fileRef = 93A5ABAA281C948C0017AECE /* RestaurantViewController.swift */; };
		93A5ABAD281C94A00017AECE /* ParkViewController.swift in Sources */ = {isa = PBXBuildFile; fileRef = 93A5ABAC281C94A00017AECE /* ParkViewController.swift */; };
		93A7AC392817133F004FCCF5 /* SavedTableViewCell.swift in Sources */ = {isa = PBXBuildFile; fileRef = 93A7AC382817133F004FCCF5 /* SavedTableViewCell.swift */; };
		93A7AC3B2817169C004FCCF5 /* NewViewController.swift in Sources */ = {isa = PBXBuildFile; fileRef = 93A7AC3A2817169C004FCCF5 /* NewViewController.swift */; };
		93A7AC3D281716DF004FCCF5 /* NewFriendViewController.swift in Sources */ = {isa = PBXBuildFile; fileRef = 93A7AC3C281716DF004FCCF5 /* NewFriendViewController.swift */; };
		93A7AC3F2817171A004FCCF5 /* SavedDetailViewController.swift in Sources */ = {isa = PBXBuildFile; fileRef = 93A7AC3E2817171A004FCCF5 /* SavedDetailViewController.swift */; };
		93A7AC412817174F004FCCF5 /* MidpointViewController.swift in Sources */ = {isa = PBXBuildFile; fileRef = 93A7AC402817174F004FCCF5 /* MidpointViewController.swift */; };
		93A7AC45281717B5004FCCF5 /* AdventureViewController.swift in Sources */ = {isa = PBXBuildFile; fileRef = 93A7AC44281717B5004FCCF5 /* AdventureViewController.swift */; };
		93A7AC47281717DD004FCCF5 /* HomeViewController.swift in Sources */ = {isa = PBXBuildFile; fileRef = 93A7AC46281717DD004FCCF5 /* HomeViewController.swift */; };
		93D055AB2818368900B858D3 /* PersonalLocation.swift in Sources */ = {isa = PBXBuildFile; fileRef = 93D055AA2818368900B858D3 /* PersonalLocation.swift */; };
		93D055AD2818369800B858D3 /* PersonalLocations.swift in Sources */ = {isa = PBXBuildFile; fileRef = 93D055AC2818369800B858D3 /* PersonalLocations.swift */; };
		93D055B128183A8700B858D3 /* Photo.swift in Sources */ = {isa = PBXBuildFile; fileRef = 93D055B028183A8700B858D3 /* Photo.swift */; };
		93D055B328183A8E00B858D3 /* Photos.swift in Sources */ = {isa = PBXBuildFile; fileRef = 93D055B228183A8E00B858D3 /* Photos.swift */; };
		93D055B5281844D600B858D3 /* UIViewController+Alert.swift in Sources */ = {isa = PBXBuildFile; fileRef = 93D055B4281844D600B858D3 /* UIViewController+Alert.swift */; };
		93D055B92818474400B858D3 /* UIBarButtonItem+Hide.swift in Sources */ = {isa = PBXBuildFile; fileRef = 93D055B82818474400B858D3 /* UIBarButtonItem+Hide.swift */; };
		93D055BB2818D69100B858D3 /* APIKeys.swift in Sources */ = {isa = PBXBuildFile; fileRef = 93D055BA2818D69100B858D3 /* APIKeys.swift */; };
		93D055BD2818E7A000B858D3 /* FriendLocation.swift in Sources */ = {isa = PBXBuildFile; fileRef = 93D055BC2818E7A000B858D3 /* FriendLocation.swift */; };
/* End PBXBuildFile section */

/* Begin PBXFileReference section */
		341866DC42954B0F49AA654E /* Pods_MeetMe.framework */ = {isa = PBXFileReference; explicitFileType = wrapper.framework; includeInIndex = 0; path = Pods_MeetMe.framework; sourceTree = BUILT_PRODUCTS_DIR; };
		9338C48928162D6E0088177D /* MeetMe.app */ = {isa = PBXFileReference; explicitFileType = wrapper.application; includeInIndex = 0; path = MeetMe.app; sourceTree = BUILT_PRODUCTS_DIR; };
		9338C48C28162D6E0088177D /* AppDelegate.swift */ = {isa = PBXFileReference; lastKnownFileType = sourcecode.swift; path = AppDelegate.swift; sourceTree = "<group>"; };
		9338C48E28162D6E0088177D /* SceneDelegate.swift */ = {isa = PBXFileReference; lastKnownFileType = sourcecode.swift; path = SceneDelegate.swift; sourceTree = "<group>"; };
		9338C49028162D6E0088177D /* LoginViewController.swift */ = {isa = PBXFileReference; lastKnownFileType = sourcecode.swift; path = LoginViewController.swift; sourceTree = "<group>"; };
		9338C49328162D6E0088177D /* Base */ = {isa = PBXFileReference; lastKnownFileType = file.storyboard; name = Base; path = Base.lproj/Main.storyboard; sourceTree = "<group>"; };
		9338C49528162D700088177D /* Assets.xcassets */ = {isa = PBXFileReference; lastKnownFileType = folder.assetcatalog; path = Assets.xcassets; sourceTree = "<group>"; };
		9338C49828162D700088177D /* Base */ = {isa = PBXFileReference; lastKnownFileType = file.storyboard; name = Base; path = Base.lproj/LaunchScreen.storyboard; sourceTree = "<group>"; };
		9338C49A28162D700088177D /* Info.plist */ = {isa = PBXFileReference; lastKnownFileType = text.plist.xml; path = Info.plist; sourceTree = "<group>"; };
		9338C4A0281634C10088177D /* GoogleService-Info.plist */ = {isa = PBXFileReference; lastKnownFileType = text.plist; path = "GoogleService-Info.plist"; sourceTree = SOURCE_ROOT; };
		9338C4A4281642500088177D /* SavedViewController.swift */ = {isa = PBXFileReference; lastKnownFileType = sourcecode.swift; path = SavedViewController.swift; sourceTree = "<group>"; };
		9338C4AE281654FA0088177D /* OptionViewController.swift */ = {isa = PBXFileReference; lastKnownFileType = sourcecode.swift; path = OptionViewController.swift; sourceTree = "<group>"; };
		93A5AB83281902AA0017AECE /* FriendLocations.swift */ = {isa = PBXFileReference; lastKnownFileType = sourcecode.swift; path = FriendLocations.swift; sourceTree = "<group>"; };
		93A5AB8D2819E5230017AECE /* AdventureUser.swift */ = {isa = PBXFileReference; lastKnownFileType = sourcecode.swift; path = AdventureUser.swift; sourceTree = "<group>"; };
		93A5AB8F2819F10F0017AECE /* AdventureUsers.swift */ = {isa = PBXFileReference; lastKnownFileType = sourcecode.swift; path = AdventureUsers.swift; sourceTree = "<group>"; };
		93A5AB91281ACFF90017AECE /* MidpointLocation.swift */ = {isa = PBXFileReference; lastKnownFileType = sourcecode.swift; path = MidpointLocation.swift; sourceTree = "<group>"; };
		93A5AB95281AD0690017AECE /* MidpointLocations.swift */ = {isa = PBXFileReference; lastKnownFileType = sourcecode.swift; path = MidpointLocations.swift; sourceTree = "<group>"; };
		93A5AB9D281C73D60017AECE /* SearchViewController.swift */ = {isa = PBXFileReference; lastKnownFileType = sourcecode.swift; path = SearchViewController.swift; sourceTree = "<group>"; };
		93A5ABA5281C769E0017AECE /* LocationSearchTableViewController.swift */ = {isa = PBXFileReference; lastKnownFileType = sourcecode.swift; path = LocationSearchTableViewController.swift; sourceTree = "<group>"; };
		93A5ABA8281C94730017AECE /* CoffeeViewController.swift */ = {isa = PBXFileReference; lastKnownFileType = sourcecode.swift; path = CoffeeViewController.swift; sourceTree = "<group>"; };
		93A5ABAA281C948C0017AECE /* RestaurantViewController.swift */ = {isa = PBXFileReference; lastKnownFileType = sourcecode.swift; path = RestaurantViewController.swift; sourceTree = "<group>"; };
		93A5ABAC281C94A00017AECE /* ParkViewController.swift */ = {isa = PBXFileReference; lastKnownFileType = sourcecode.swift; path = ParkViewController.swift; sourceTree = "<group>"; };
		93A7AC382817133F004FCCF5 /* SavedTableViewCell.swift */ = {isa = PBXFileReference; lastKnownFileType = sourcecode.swift; path = SavedTableViewCell.swift; sourceTree = "<group>"; };
		93A7AC3A2817169C004FCCF5 /* NewViewController.swift */ = {isa = PBXFileReference; lastKnownFileType = sourcecode.swift; path = NewViewController.swift; sourceTree = "<group>"; };
		93A7AC3C281716DF004FCCF5 /* NewFriendViewController.swift */ = {isa = PBXFileReference; lastKnownFileType = sourcecode.swift; path = NewFriendViewController.swift; sourceTree = "<group>"; };
		93A7AC3E2817171A004FCCF5 /* SavedDetailViewController.swift */ = {isa = PBXFileReference; lastKnownFileType = sourcecode.swift; path = SavedDetailViewController.swift; sourceTree = "<group>"; };
		93A7AC402817174F004FCCF5 /* MidpointViewController.swift */ = {isa = PBXFileReference; lastKnownFileType = sourcecode.swift; path = MidpointViewController.swift; sourceTree = "<group>"; };
		93A7AC44281717B5004FCCF5 /* AdventureViewController.swift */ = {isa = PBXFileReference; lastKnownFileType = sourcecode.swift; path = AdventureViewController.swift; sourceTree = "<group>"; };
		93A7AC46281717DD004FCCF5 /* HomeViewController.swift */ = {isa = PBXFileReference; lastKnownFileType = sourcecode.swift; path = HomeViewController.swift; sourceTree = "<group>"; };
		93D055AA2818368900B858D3 /* PersonalLocation.swift */ = {isa = PBXFileReference; lastKnownFileType = sourcecode.swift; path = PersonalLocation.swift; sourceTree = "<group>"; };
		93D055AC2818369800B858D3 /* PersonalLocations.swift */ = {isa = PBXFileReference; lastKnownFileType = sourcecode.swift; path = PersonalLocations.swift; sourceTree = "<group>"; };
		93D055B028183A8700B858D3 /* Photo.swift */ = {isa = PBXFileReference; lastKnownFileType = sourcecode.swift; path = Photo.swift; sourceTree = "<group>"; };
		93D055B228183A8E00B858D3 /* Photos.swift */ = {isa = PBXFileReference; lastKnownFileType = sourcecode.swift; path = Photos.swift; sourceTree = "<group>"; };
		93D055B4281844D600B858D3 /* UIViewController+Alert.swift */ = {isa = PBXFileReference; lastKnownFileType = sourcecode.swift; path = "UIViewController+Alert.swift"; sourceTree = "<group>"; };
		93D055B82818474400B858D3 /* UIBarButtonItem+Hide.swift */ = {isa = PBXFileReference; lastKnownFileType = sourcecode.swift; path = "UIBarButtonItem+Hide.swift"; sourceTree = "<group>"; };
		93D055BA2818D69100B858D3 /* APIKeys.swift */ = {isa = PBXFileReference; lastKnownFileType = sourcecode.swift; path = APIKeys.swift; sourceTree = "<group>"; };
		93D055BC2818E7A000B858D3 /* FriendLocation.swift */ = {isa = PBXFileReference; lastKnownFileType = sourcecode.swift; path = FriendLocation.swift; sourceTree = "<group>"; };
		B2F5F4381ECDF4708E233B97 /* Pods-MeetMe.release.xcconfig */ = {isa = PBXFileReference; includeInIndex = 1; lastKnownFileType = text.xcconfig; name = "Pods-MeetMe.release.xcconfig"; path = "Target Support Files/Pods-MeetMe/Pods-MeetMe.release.xcconfig"; sourceTree = "<group>"; };
		B5D8D0AE25C093A2A65B0A34 /* Pods-MeetMe.debug.xcconfig */ = {isa = PBXFileReference; includeInIndex = 1; lastKnownFileType = text.xcconfig; name = "Pods-MeetMe.debug.xcconfig"; path = "Target Support Files/Pods-MeetMe/Pods-MeetMe.debug.xcconfig"; sourceTree = "<group>"; };
/* End PBXFileReference section */

/* Begin PBXFrameworksBuildPhase section */
		9338C48628162D6E0088177D /* Frameworks */ = {
			isa = PBXFrameworksBuildPhase;
			buildActionMask = 2147483647;
			files = (
				5E5CF8F8DBF5E5A2AF039073 /* Pods_MeetMe.framework in Frameworks */,
			);
			runOnlyForDeploymentPostprocessing = 0;
		};
/* End PBXFrameworksBuildPhase section */

/* Begin PBXGroup section */
		8A9888C63A9CFC15E9045161 /* Pods */ = {
			isa = PBXGroup;
			children = (
				B5D8D0AE25C093A2A65B0A34 /* Pods-MeetMe.debug.xcconfig */,
				B2F5F4381ECDF4708E233B97 /* Pods-MeetMe.release.xcconfig */,
			);
			path = Pods;
			sourceTree = "<group>";
		};
		9338C48028162D6E0088177D = {
			isa = PBXGroup;
			children = (
				9338C48B28162D6E0088177D /* MeetMe */,
				9338C48A28162D6E0088177D /* Products */,
				8A9888C63A9CFC15E9045161 /* Pods */,
				E5D29EFEAAF558F2C5576BA3 /* Frameworks */,
			);
			sourceTree = "<group>";
		};
		9338C48A28162D6E0088177D /* Products */ = {
			isa = PBXGroup;
			children = (
				9338C48928162D6E0088177D /* MeetMe.app */,
			);
			name = Products;
			sourceTree = "<group>";
		};
		9338C48B28162D6E0088177D /* MeetMe */ = {
			isa = PBXGroup;
			children = (
				9338C48C28162D6E0088177D /* AppDelegate.swift */,
				9338C48E28162D6E0088177D /* SceneDelegate.swift */,
				93A5AB822818FA0C0017AECE /* Models */,
				93A5AB7F2818F9BD0017AECE /* View Controllers */,
				93A5AB802818F9F50017AECE /* Views */,
				93A5AB812818FA000017AECE /* Utilities */,
				9338C49228162D6E0088177D /* Main.storyboard */,
				9338C49528162D700088177D /* Assets.xcassets */,
				9338C49728162D700088177D /* LaunchScreen.storyboard */,
				9338C49A28162D700088177D /* Info.plist */,
				9338C4A0281634C10088177D /* GoogleService-Info.plist */,
			);
			path = MeetMe;
			sourceTree = "<group>";
		};
		93A5AB7F2818F9BD0017AECE /* View Controllers */ = {
			isa = PBXGroup;
			children = (
				9338C49028162D6E0088177D /* LoginViewController.swift */,
				93A7AC46281717DD004FCCF5 /* HomeViewController.swift */,
				93A7AC3A2817169C004FCCF5 /* NewViewController.swift */,
				93A7AC3C281716DF004FCCF5 /* NewFriendViewController.swift */,
				93A7AC402817174F004FCCF5 /* MidpointViewController.swift */,
				93A5ABA7281C93ED0017AECE /* MapViewControllers */,
				93A5ABA5281C769E0017AECE /* LocationSearchTableViewController.swift */,
				9338C4AE281654FA0088177D /* OptionViewController.swift */,
				9338C4A4281642500088177D /* SavedViewController.swift */,
				93A7AC3E2817171A004FCCF5 /* SavedDetailViewController.swift */,
				93A7AC44281717B5004FCCF5 /* AdventureViewController.swift */,
			);
			path = "View Controllers";
			sourceTree = "<group>";
		};
		93A5AB802818F9F50017AECE /* Views */ = {
			isa = PBXGroup;
			children = (
				93A7AC382817133F004FCCF5 /* SavedTableViewCell.swift */,
			);
			path = Views;
			sourceTree = "<group>";
		};
		93A5AB812818FA000017AECE /* Utilities */ = {
			isa = PBXGroup;
			children = (
				93D055B4281844D600B858D3 /* UIViewController+Alert.swift */,
				93D055B82818474400B858D3 /* UIBarButtonItem+Hide.swift */,
				93D055BA2818D69100B858D3 /* APIKeys.swift */,
			);
			path = Utilities;
			sourceTree = "<group>";
		};
		93A5AB822818FA0C0017AECE /* Models */ = {
			isa = PBXGroup;
			children = (
				93A5AB8D2819E5230017AECE /* AdventureUser.swift */,
				93A5AB8F2819F10F0017AECE /* AdventureUsers.swift */,
				93D055AA2818368900B858D3 /* PersonalLocation.swift */,
				93D055AC2818369800B858D3 /* PersonalLocations.swift */,
				93D055BC2818E7A000B858D3 /* FriendLocation.swift */,
				93A5AB83281902AA0017AECE /* FriendLocations.swift */,
				93A5AB91281ACFF90017AECE /* MidpointLocation.swift */,
				93A5AB95281AD0690017AECE /* MidpointLocations.swift */,
				93D055B028183A8700B858D3 /* Photo.swift */,
				93D055B228183A8E00B858D3 /* Photos.swift */,
			);
			path = Models;
			sourceTree = "<group>";
		};
		93A5ABA7281C93ED0017AECE /* MapViewControllers */ = {
			isa = PBXGroup;
			children = (
				93A5AB9D281C73D60017AECE /* SearchViewController.swift */,
				93A5ABA8281C94730017AECE /* CoffeeViewController.swift */,
				93A5ABAA281C948C0017AECE /* RestaurantViewController.swift */,
				93A5ABAC281C94A00017AECE /* ParkViewController.swift */,
			);
			path = MapViewControllers;
			sourceTree = "<group>";
		};
		E5D29EFEAAF558F2C5576BA3 /* Frameworks */ = {
			isa = PBXGroup;
			children = (
				341866DC42954B0F49AA654E /* Pods_MeetMe.framework */,
			);
			name = Frameworks;
			sourceTree = "<group>";
		};
/* End PBXGroup section */

/* Begin PBXNativeTarget section */
		9338C48828162D6E0088177D /* MeetMe */ = {
			isa = PBXNativeTarget;
			buildConfigurationList = 9338C49D28162D700088177D /* Build configuration list for PBXNativeTarget "MeetMe" */;
			buildPhases = (
				45B1CAD95730B8B7F0E06FA4 /* [CP] Check Pods Manifest.lock */,
				9338C48528162D6E0088177D /* Sources */,
				9338C48628162D6E0088177D /* Frameworks */,
				9338C48728162D6E0088177D /* Resources */,
				C0915D8CF5A3B592794DC68D /* [CP] Embed Pods Frameworks */,
				D39BD49DF974D016C866D1FC /* [CP] Copy Pods Resources */,
			);
			buildRules = (
			);
			dependencies = (
			);
			name = MeetMe;
			productName = MeetMe;
			productReference = 9338C48928162D6E0088177D /* MeetMe.app */;
			productType = "com.apple.product-type.application";
		};
/* End PBXNativeTarget section */

/* Begin PBXProject section */
		9338C48128162D6E0088177D /* Project object */ = {
			isa = PBXProject;
			attributes = {
				BuildIndependentTargetsInParallel = 1;
				LastSwiftUpdateCheck = 1330;
				LastUpgradeCheck = 1330;
				TargetAttributes = {
					9338C48828162D6E0088177D = {
						CreatedOnToolsVersion = 13.3.1;
					};
				};
			};
			buildConfigurationList = 9338C48428162D6E0088177D /* Build configuration list for PBXProject "MeetMe" */;
			compatibilityVersion = "Xcode 13.0";
			developmentRegion = en;
			hasScannedForEncodings = 0;
			knownRegions = (
				en,
				Base,
			);
			mainGroup = 9338C48028162D6E0088177D;
			productRefGroup = 9338C48A28162D6E0088177D /* Products */;
			projectDirPath = "";
			projectRoot = "";
			targets = (
				9338C48828162D6E0088177D /* MeetMe */,
			);
		};
/* End PBXProject section */

/* Begin PBXResourcesBuildPhase section */
		9338C48728162D6E0088177D /* Resources */ = {
			isa = PBXResourcesBuildPhase;
			buildActionMask = 2147483647;
			files = (
				9338C49928162D700088177D /* LaunchScreen.storyboard in Resources */,
				9338C4A1281634C10088177D /* GoogleService-Info.plist in Resources */,
				9338C49628162D700088177D /* Assets.xcassets in Resources */,
				9338C49428162D6E0088177D /* Main.storyboard in Resources */,
			);
			runOnlyForDeploymentPostprocessing = 0;
		};
/* End PBXResourcesBuildPhase section */

/* Begin PBXShellScriptBuildPhase section */
		45B1CAD95730B8B7F0E06FA4 /* [CP] Check Pods Manifest.lock */ = {
			isa = PBXShellScriptBuildPhase;
			buildActionMask = 2147483647;
			files = (
			);
			inputFileListPaths = (
			);
			inputPaths = (
				"${PODS_PODFILE_DIR_PATH}/Podfile.lock",
				"${PODS_ROOT}/Manifest.lock",
			);
			name = "[CP] Check Pods Manifest.lock";
			outputFileListPaths = (
			);
			outputPaths = (
				"$(DERIVED_FILE_DIR)/Pods-MeetMe-checkManifestLockResult.txt",
			);
			runOnlyForDeploymentPostprocessing = 0;
			shellPath = /bin/sh;
			shellScript = "diff \"${PODS_PODFILE_DIR_PATH}/Podfile.lock\" \"${PODS_ROOT}/Manifest.lock\" > /dev/null\nif [ $? != 0 ] ; then\n    # print error to STDERR\n    echo \"error: The sandbox is not in sync with the Podfile.lock. Run 'pod install' or update your CocoaPods installation.\" >&2\n    exit 1\nfi\n# This output is used by Xcode 'outputs' to avoid re-running this script phase.\necho \"SUCCESS\" > \"${SCRIPT_OUTPUT_FILE_0}\"\n";
			showEnvVarsInLog = 0;
		};
		C0915D8CF5A3B592794DC68D /* [CP] Embed Pods Frameworks */ = {
			isa = PBXShellScriptBuildPhase;
			buildActionMask = 2147483647;
			files = (
			);
			inputFileListPaths = (
				"${PODS_ROOT}/Target Support Files/Pods-MeetMe/Pods-MeetMe-frameworks-${CONFIGURATION}-input-files.xcfilelist",
			);
			name = "[CP] Embed Pods Frameworks";
			outputFileListPaths = (
				"${PODS_ROOT}/Target Support Files/Pods-MeetMe/Pods-MeetMe-frameworks-${CONFIGURATION}-output-files.xcfilelist",
			);
			runOnlyForDeploymentPostprocessing = 0;
			shellPath = /bin/sh;
			shellScript = "\"${PODS_ROOT}/Target Support Files/Pods-MeetMe/Pods-MeetMe-frameworks.sh\"\n";
			showEnvVarsInLog = 0;
		};
		D39BD49DF974D016C866D1FC /* [CP] Copy Pods Resources */ = {
			isa = PBXShellScriptBuildPhase;
			buildActionMask = 2147483647;
			files = (
			);
			inputFileListPaths = (
				"${PODS_ROOT}/Target Support Files/Pods-MeetMe/Pods-MeetMe-resources-${CONFIGURATION}-input-files.xcfilelist",
			);
			name = "[CP] Copy Pods Resources";
			outputFileListPaths = (
				"${PODS_ROOT}/Target Support Files/Pods-MeetMe/Pods-MeetMe-resources-${CONFIGURATION}-output-files.xcfilelist",
			);
			runOnlyForDeploymentPostprocessing = 0;
			shellPath = /bin/sh;
			shellScript = "\"${PODS_ROOT}/Target Support Files/Pods-MeetMe/Pods-MeetMe-resources.sh\"\n";
			showEnvVarsInLog = 0;
		};
/* End PBXShellScriptBuildPhase section */

/* Begin PBXSourcesBuildPhase section */
		9338C48528162D6E0088177D /* Sources */ = {
			isa = PBXSourcesBuildPhase;
			buildActionMask = 2147483647;
			files = (
				93A5AB9E281C73D70017AECE /* SearchViewController.swift in Sources */,
				93A5ABAB281C948C0017AECE /* RestaurantViewController.swift in Sources */,
				93D055B328183A8E00B858D3 /* Photos.swift in Sources */,
				93A5AB92281ACFF90017AECE /* MidpointLocation.swift in Sources */,
				9338C49128162D6E0088177D /* LoginViewController.swift in Sources */,
				9338C4AF281654FB0088177D /* OptionViewController.swift in Sources */,
				9338C48D28162D6E0088177D /* AppDelegate.swift in Sources */,
				93A7AC45281717B5004FCCF5 /* AdventureViewController.swift in Sources */,
				9338C48F28162D6E0088177D /* SceneDelegate.swift in Sources */,
				93A5ABA9281C94730017AECE /* CoffeeViewController.swift in Sources */,
				93A7AC392817133F004FCCF5 /* SavedTableViewCell.swift in Sources */,
				93D055AB2818368900B858D3 /* PersonalLocation.swift in Sources */,
				93A5AB96281AD0690017AECE /* MidpointLocations.swift in Sources */,
				93D055BB2818D69100B858D3 /* APIKeys.swift in Sources */,
				93D055B92818474400B858D3 /* UIBarButtonItem+Hide.swift in Sources */,
				93A7AC3D281716DF004FCCF5 /* NewFriendViewController.swift in Sources */,
				93A7AC3B2817169C004FCCF5 /* NewViewController.swift in Sources */,
				93D055B128183A8700B858D3 /* Photo.swift in Sources */,
				93A7AC412817174F004FCCF5 /* MidpointViewController.swift in Sources */,
				93A5AB902819F10F0017AECE /* AdventureUsers.swift in Sources */,
				93D055BD2818E7A000B858D3 /* FriendLocation.swift in Sources */,
				93A5AB84281902AA0017AECE /* FriendLocations.swift in Sources */,
				93A5AB8E2819E5230017AECE /* AdventureUser.swift in Sources */,
				93A5ABA6281C769E0017AECE /* LocationSearchTableViewController.swift in Sources */,
				93A5ABAD281C94A00017AECE /* ParkViewController.swift in Sources */,
				93A7AC47281717DD004FCCF5 /* HomeViewController.swift in Sources */,
				93D055AD2818369800B858D3 /* PersonalLocations.swift in Sources */,
				93D055B5281844D600B858D3 /* UIViewController+Alert.swift in Sources */,
				9338C4A5281642500088177D /* SavedViewController.swift in Sources */,
				93A7AC3F2817171A004FCCF5 /* SavedDetailViewController.swift in Sources */,
			);
			runOnlyForDeploymentPostprocessing = 0;
		};
/* End PBXSourcesBuildPhase section */

/* Begin PBXVariantGroup section */
		9338C49228162D6E0088177D /* Main.storyboard */ = {
			isa = PBXVariantGroup;
			children = (
				9338C49328162D6E0088177D /* Base */,
			);
			name = Main.storyboard;
			sourceTree = "<group>";
		};
		9338C49728162D700088177D /* LaunchScreen.storyboard */ = {
			isa = PBXVariantGroup;
			children = (
				9338C49828162D700088177D /* Base */,
			);
			name = LaunchScreen.storyboard;
			sourceTree = "<group>";
		};
/* End PBXVariantGroup section */

/* Begin XCBuildConfiguration section */
		9338C49B28162D700088177D /* Debug */ = {
			isa = XCBuildConfiguration;
			buildSettings = {
				ALWAYS_SEARCH_USER_PATHS = NO;
				CLANG_ANALYZER_NONNULL = YES;
				CLANG_ANALYZER_NUMBER_OBJECT_CONVERSION = YES_AGGRESSIVE;
				CLANG_CXX_LANGUAGE_STANDARD = "gnu++17";
				CLANG_ENABLE_MODULES = YES;
				CLANG_ENABLE_OBJC_ARC = YES;
				CLANG_ENABLE_OBJC_WEAK = YES;
				CLANG_WARN_BLOCK_CAPTURE_AUTORELEASING = YES;
				CLANG_WARN_BOOL_CONVERSION = YES;
				CLANG_WARN_COMMA = YES;
				CLANG_WARN_CONSTANT_CONVERSION = YES;
				CLANG_WARN_DEPRECATED_OBJC_IMPLEMENTATIONS = YES;
				CLANG_WARN_DIRECT_OBJC_ISA_USAGE = YES_ERROR;
				CLANG_WARN_DOCUMENTATION_COMMENTS = YES;
				CLANG_WARN_EMPTY_BODY = YES;
				CLANG_WARN_ENUM_CONVERSION = YES;
				CLANG_WARN_INFINITE_RECURSION = YES;
				CLANG_WARN_INT_CONVERSION = YES;
				CLANG_WARN_NON_LITERAL_NULL_CONVERSION = YES;
				CLANG_WARN_OBJC_IMPLICIT_RETAIN_SELF = YES;
				CLANG_WARN_OBJC_LITERAL_CONVERSION = YES;
				CLANG_WARN_OBJC_ROOT_CLASS = YES_ERROR;
				CLANG_WARN_QUOTED_INCLUDE_IN_FRAMEWORK_HEADER = YES;
				CLANG_WARN_RANGE_LOOP_ANALYSIS = YES;
				CLANG_WARN_STRICT_PROTOTYPES = YES;
				CLANG_WARN_SUSPICIOUS_MOVE = YES;
				CLANG_WARN_UNGUARDED_AVAILABILITY = YES_AGGRESSIVE;
				CLANG_WARN_UNREACHABLE_CODE = YES;
				CLANG_WARN__DUPLICATE_METHOD_MATCH = YES;
				COPY_PHASE_STRIP = NO;
				DEBUG_INFORMATION_FORMAT = dwarf;
				ENABLE_STRICT_OBJC_MSGSEND = YES;
				ENABLE_TESTABILITY = YES;
				GCC_C_LANGUAGE_STANDARD = gnu11;
				GCC_DYNAMIC_NO_PIC = NO;
				GCC_NO_COMMON_BLOCKS = YES;
				GCC_OPTIMIZATION_LEVEL = 0;
				GCC_PREPROCESSOR_DEFINITIONS = (
					"DEBUG=1",
					"$(inherited)",
				);
				GCC_WARN_64_TO_32_BIT_CONVERSION = YES;
				GCC_WARN_ABOUT_RETURN_TYPE = YES_ERROR;
				GCC_WARN_UNDECLARED_SELECTOR = YES;
				GCC_WARN_UNINITIALIZED_AUTOS = YES_AGGRESSIVE;
				GCC_WARN_UNUSED_FUNCTION = YES;
				GCC_WARN_UNUSED_VARIABLE = YES;
				IPHONEOS_DEPLOYMENT_TARGET = 15.4;
				MTL_ENABLE_DEBUG_INFO = INCLUDE_SOURCE;
				MTL_FAST_MATH = YES;
				ONLY_ACTIVE_ARCH = YES;
				SDKROOT = iphoneos;
				SWIFT_ACTIVE_COMPILATION_CONDITIONS = DEBUG;
				SWIFT_OPTIMIZATION_LEVEL = "-Onone";
			};
			name = Debug;
		};
		9338C49C28162D700088177D /* Release */ = {
			isa = XCBuildConfiguration;
			buildSettings = {
				ALWAYS_SEARCH_USER_PATHS = NO;
				CLANG_ANALYZER_NONNULL = YES;
				CLANG_ANALYZER_NUMBER_OBJECT_CONVERSION = YES_AGGRESSIVE;
				CLANG_CXX_LANGUAGE_STANDARD = "gnu++17";
				CLANG_ENABLE_MODULES = YES;
				CLANG_ENABLE_OBJC_ARC = YES;
				CLANG_ENABLE_OBJC_WEAK = YES;
				CLANG_WARN_BLOCK_CAPTURE_AUTORELEASING = YES;
				CLANG_WARN_BOOL_CONVERSION = YES;
				CLANG_WARN_COMMA = YES;
				CLANG_WARN_CONSTANT_CONVERSION = YES;
				CLANG_WARN_DEPRECATED_OBJC_IMPLEMENTATIONS = YES;
				CLANG_WARN_DIRECT_OBJC_ISA_USAGE = YES_ERROR;
				CLANG_WARN_DOCUMENTATION_COMMENTS = YES;
				CLANG_WARN_EMPTY_BODY = YES;
				CLANG_WARN_ENUM_CONVERSION = YES;
				CLANG_WARN_INFINITE_RECURSION = YES;
				CLANG_WARN_INT_CONVERSION = YES;
				CLANG_WARN_NON_LITERAL_NULL_CONVERSION = YES;
				CLANG_WARN_OBJC_IMPLICIT_RETAIN_SELF = YES;
				CLANG_WARN_OBJC_LITERAL_CONVERSION = YES;
				CLANG_WARN_OBJC_ROOT_CLASS = YES_ERROR;
				CLANG_WARN_QUOTED_INCLUDE_IN_FRAMEWORK_HEADER = YES;
				CLANG_WARN_RANGE_LOOP_ANALYSIS = YES;
				CLANG_WARN_STRICT_PROTOTYPES = YES;
				CLANG_WARN_SUSPICIOUS_MOVE = YES;
				CLANG_WARN_UNGUARDED_AVAILABILITY = YES_AGGRESSIVE;
				CLANG_WARN_UNREACHABLE_CODE = YES;
				CLANG_WARN__DUPLICATE_METHOD_MATCH = YES;
				COPY_PHASE_STRIP = NO;
				DEBUG_INFORMATION_FORMAT = "dwarf-with-dsym";
				ENABLE_NS_ASSERTIONS = NO;
				ENABLE_STRICT_OBJC_MSGSEND = YES;
				GCC_C_LANGUAGE_STANDARD = gnu11;
				GCC_NO_COMMON_BLOCKS = YES;
				GCC_WARN_64_TO_32_BIT_CONVERSION = YES;
				GCC_WARN_ABOUT_RETURN_TYPE = YES_ERROR;
				GCC_WARN_UNDECLARED_SELECTOR = YES;
				GCC_WARN_UNINITIALIZED_AUTOS = YES_AGGRESSIVE;
				GCC_WARN_UNUSED_FUNCTION = YES;
				GCC_WARN_UNUSED_VARIABLE = YES;
				IPHONEOS_DEPLOYMENT_TARGET = 15.4;
				MTL_ENABLE_DEBUG_INFO = NO;
				MTL_FAST_MATH = YES;
				SDKROOT = iphoneos;
				SWIFT_COMPILATION_MODE = wholemodule;
				SWIFT_OPTIMIZATION_LEVEL = "-O";
				VALIDATE_PRODUCT = YES;
			};
			name = Release;
		};
		9338C49E28162D700088177D /* Debug */ = {
			isa = XCBuildConfiguration;
			baseConfigurationReference = B5D8D0AE25C093A2A65B0A34 /* Pods-MeetMe.debug.xcconfig */;
			buildSettings = {
				ASSETCATALOG_COMPILER_APPICON_NAME = AppIcon;
				ASSETCATALOG_COMPILER_GLOBAL_ACCENT_COLOR_NAME = AccentColor;
				CODE_SIGN_STYLE = Automatic;
				CURRENT_PROJECT_VERSION = 1;
				DEVELOPMENT_TEAM = 7Q8HJYD3T5;
				GENERATE_INFOPLIST_FILE = YES;
				INFOPLIST_FILE = MeetMe/Info.plist;
				INFOPLIST_KEY_UIApplicationSupportsIndirectInputEvents = YES;
				INFOPLIST_KEY_UILaunchStoryboardName = LaunchScreen;
				INFOPLIST_KEY_UIMainStoryboardFile = Main;
				INFOPLIST_KEY_UISupportedInterfaceOrientations_iPad = "UIInterfaceOrientationPortrait UIInterfaceOrientationPortraitUpsideDown UIInterfaceOrientationLandscapeLeft UIInterfaceOrientationLandscapeRight";
				INFOPLIST_KEY_UISupportedInterfaceOrientations_iPhone = "UIInterfaceOrientationPortrait UIInterfaceOrientationLandscapeLeft UIInterfaceOrientationLandscapeRight";
				LD_RUNPATH_SEARCH_PATHS = (
					"$(inherited)",
					"@executable_path/Frameworks",
				);
				MARKETING_VERSION = 1.0;
				PRODUCT_BUNDLE_IDENTIFIER = Annie.MeetMe;
				PRODUCT_NAME = "$(TARGET_NAME)";
				SWIFT_EMIT_LOC_STRINGS = YES;
				SWIFT_VERSION = 5.0;
				TARGETED_DEVICE_FAMILY = "1,2";
			};
			name = Debug;
		};
		9338C49F28162D700088177D /* Release */ = {
			isa = XCBuildConfiguration;
			baseConfigurationReference = B2F5F4381ECDF4708E233B97 /* Pods-MeetMe.release.xcconfig */;
			buildSettings = {
				ASSETCATALOG_COMPILER_APPICON_NAME = AppIcon;
				ASSETCATALOG_COMPILER_GLOBAL_ACCENT_COLOR_NAME = AccentColor;
				CODE_SIGN_STYLE = Automatic;
				CURRENT_PROJECT_VERSION = 1;
				DEVELOPMENT_TEAM = 7Q8HJYD3T5;
				GENERATE_INFOPLIST_FILE = YES;
				INFOPLIST_FILE = MeetMe/Info.plist;
				INFOPLIST_KEY_UIApplicationSupportsIndirectInputEvents = YES;
				INFOPLIST_KEY_UILaunchStoryboardName = LaunchScreen;
				INFOPLIST_KEY_UIMainStoryboardFile = Main;
				INFOPLIST_KEY_UISupportedInterfaceOrientations_iPad = "UIInterfaceOrientationPortrait UIInterfaceOrientationPortraitUpsideDown UIInterfaceOrientationLandscapeLeft UIInterfaceOrientationLandscapeRight";
				INFOPLIST_KEY_UISupportedInterfaceOrientations_iPhone = "UIInterfaceOrientationPortrait UIInterfaceOrientationLandscapeLeft UIInterfaceOrientationLandscapeRight";
				LD_RUNPATH_SEARCH_PATHS = (
					"$(inherited)",
					"@executable_path/Frameworks",
				);
				MARKETING_VERSION = 1.0;
				PRODUCT_BUNDLE_IDENTIFIER = Annie.MeetMe;
				PRODUCT_NAME = "$(TARGET_NAME)";
				SWIFT_EMIT_LOC_STRINGS = YES;
				SWIFT_VERSION = 5.0;
				TARGETED_DEVICE_FAMILY = "1,2";
			};
			name = Release;
		};
/* End XCBuildConfiguration section */

/* Begin XCConfigurationList section */
		9338C48428162D6E0088177D /* Build configuration list for PBXProject "MeetMe" */ = {
			isa = XCConfigurationList;
			buildConfigurations = (
				9338C49B28162D700088177D /* Debug */,
				9338C49C28162D700088177D /* Release */,
			);
			defaultConfigurationIsVisible = 0;
			defaultConfigurationName = Release;
		};
		9338C49D28162D700088177D /* Build configuration list for PBXNativeTarget "MeetMe" */ = {
			isa = XCConfigurationList;
			buildConfigurations = (
				9338C49E28162D700088177D /* Debug */,
				9338C49F28162D700088177D /* Release */,
			);
			defaultConfigurationIsVisible = 0;
			defaultConfigurationName = Release;
		};
/* End XCConfigurationList section */
	};
	rootObject = 9338C48128162D6E0088177D /* Project object */;
}
